
Microsoft Visual Studio Solution File, Format Version 9.00
# Visual Studio 2005
Project("{FAE04EC0-301F-11D3-BF4B-00C04F79EFBC}") = "C_RS232", "C_RS232\C_RS232.csproj", "{37B19E33-9032-46E9-B004-D31FE2398EC7}"
EndProject
Global
	GlobalSection(SolutionConfigurationPlatforms) = preSolution
		Debug|Any CPU = Debug|Any CPU
		Release|Any CPU = Release|Any CPU
	EndGlobalSection
	GlobalSection(ProjectConfigurationPlatforms) = postSolution
		{37B19E33-9032-46E9-B004-D31FE2398EC7}.Debug|Any CPU.ActiveCfg = Debug|Any CPU
		{37B19E33-9032-46E9-B004-D31FE2398EC7}.Debug|Any CPU.Build.0 = Debug|Any CPU
		{37B19E33-9032-46E9-B004-D31FE2398EC7}.Release|Any CPU.ActiveCfg = Release|Any CPU
		{37B19E33-9032-46E9-B004-D31FE2398EC7}.Release|Any CPU.Build.0 = Release|Any CPU
	EndGlobalSection
	GlobalSection(SolutionProperties) = preSolution
		HideSolutionNode = FALSE
	EndGlobalSection
EndGlobal
